
Microsoft Visual Studio Solution File, Format Version 12.00
# Visual Studio Version 17
VisualStudioVersion = 17.4.33122.133
MinimumVisualStudioVersion = 10.0.40219.1
Project("{888888A0-9F3D-457C-B088-3A5042F75D52}") = "Password_gen", "Password_gen.pyproj", "{DE43728F-C99A-4396-8C8C-784B5A434BC4}"
EndProject
Global
	GlobalSection(SolutionConfigurationPlatforms) = preSolution
		Debug|Any CPU = Debug|Any CPU
		Release|Any CPU = Release|Any CPU
	EndGlobalSection
	GlobalSection(ProjectConfigurationPlatforms) = postSolution
		{DE43728F-C99A-4396-8C8C-784B5A434BC4}.Debug|Any CPU.ActiveCfg = Debug|Any CPU
		{DE43728F-C99A-4396-8C8C-784B5A434BC4}.Release|Any CPU.ActiveCfg = Release|Any CPU
	EndGlobalSection
	GlobalSection(SolutionProperties) = preSolution
		HideSolutionNode = FALSE
	EndGlobalSection
	GlobalSection(ExtensibilityGlobals) = postSolution
		SolutionGuid = {64B3D1A9-344D-48DE-B0D8-9C010A499981}
	EndGlobalSection
EndGlobal
